<?xml version="1.0" encoding="utf-8"?>
<Project ToolsVersion="4.0" xmlns="http://schemas.microsoft.com/developer/msbuild/2003">
  <ItemGroup>
    <Filter Include="Source Files">
      <UniqueIdentifier>{577227c3-bf50-4c99-9329-884efa78c4bf}</UniqueIdentifier>
    </Filter>
    <Filter Include="Generated Files">
      <UniqueIdentifier>{0d281885-abe9-4a89-879a-51f9a77fb195}</UniqueIdentifier>
      <SourceControlFiles>False</SourceControlFiles>
    </Filter>
  </ItemGroup>
  <ItemGroup>
    <None Include="Grafikps.def" />
  </ItemGroup>
  <ItemGroup>
    <ClCompile Include="Grafik_i.c">
      <Filter>Generated Files</Filter>
    </ClCompile>
    <ClCompile Include="Grafik_p.c">
      <Filter>Generated Files</Filter>
    </ClCompile>
    <ClCompile Include="dlldata.c">
      <Filter>Generated Files</Filter>
    </ClCompile>
  </ItemGroup>
</Project>